
Microsoft Visual Studio Solution File, Format Version 12.00
# Visual Studio Version 16
VisualStudioVersion = 16.0.31112.23
MinimumVisualStudioVersion = 10.0.40219.1
Project("{FAE04EC0-301F-11D3-BF4B-00C04F79EFBC}") = "Business", "Business\Business.csproj", "{17086FF9-8A1C-4502-BE66-E84293F08D2D}"
EndProject
Project("{FAE04EC0-301F-11D3-BF4B-00C04F79EFBC}") = "DataAccess", "DataAccess\DataAccess.csproj", "{ED676B31-75B4-4FD8-8CFA-258390913C1F}"
EndProject
Project("{FAE04EC0-301F-11D3-BF4B-00C04F79EFBC}") = "Entities", "Entities\Entities.csproj", "{246D2639-2FAF-42D5-AE01-8C6E9FEB9CB4}"
EndProject
Project("{FAE04EC0-301F-11D3-BF4B-00C04F79EFBC}") = "Core", "Core\Core.csproj", "{C87DAD70-7C79-46EB-AC7C-3AE3D9F5823D}"
EndProject
Project("{FAE04EC0-301F-11D3-BF4B-00C04F79EFBC}") = "ConsoleUI", "ConsoleUI\ConsoleUI.csproj", "{17D21E6B-F678-46DE-9EE4-5B00EBAF3775}"
EndProject
Global
	GlobalSection(SolutionConfigurationPlatforms) = preSolution
		Debug|Any CPU = Debug|Any CPU
		Release|Any CPU = Release|Any CPU
	EndGlobalSection
	GlobalSection(ProjectConfigurationPlatforms) = postSolution
		{17086FF9-8A1C-4502-BE66-E84293F08D2D}.Debug|Any CPU.ActiveCfg = Debug|Any CPU
		{17086FF9-8A1C-4502-BE66-E84293F08D2D}.Debug|Any CPU.Build.0 = Debug|Any CPU
		{17086FF9-8A1C-4502-BE66-E84293F08D2D}.Release|Any CPU.ActiveCfg = Release|Any CPU
		{17086FF9-8A1C-4502-BE66-E84293F08D2D}.Release|Any CPU.Build.0 = Release|Any CPU
		{ED676B31-75B4-4FD8-8CFA-258390913C1F}.Debug|Any CPU.ActiveCfg = Debug|Any CPU
		{ED676B31-75B4-4FD8-8CFA-258390913C1F}.Debug|Any CPU.Build.0 = Debug|Any CPU
		{ED676B31-75B4-4FD8-8CFA-258390913C1F}.Release|Any CPU.ActiveCfg = Release|Any CPU
		{ED676B31-75B4-4FD8-8CFA-258390913C1F}.Release|Any CPU.Build.0 = Release|Any CPU
		{246D2639-2FAF-42D5-AE01-8C6E9FEB9CB4}.Debug|Any CPU.ActiveCfg = Debug|Any CPU
		{246D2639-2FAF-42D5-AE01-8C6E9FEB9CB4}.Debug|Any CPU.Build.0 = Debug|Any CPU
		{246D2639-2FAF-42D5-AE01-8C6E9FEB9CB4}.Release|Any CPU.ActiveCfg = Release|Any CPU
		{246D2639-2FAF-42D5-AE01-8C6E9FEB9CB4}.Release|Any CPU.Build.0 = Release|Any CPU
		{C87DAD70-7C79-46EB-AC7C-3AE3D9F5823D}.Debug|Any CPU.ActiveCfg = Debug|Any CPU
		{C87DAD70-7C79-46EB-AC7C-3AE3D9F5823D}.Debug|Any CPU.Build.0 = Debug|Any CPU
		{C87DAD70-7C79-46EB-AC7C-3AE3D9F5823D}.Release|Any CPU.ActiveCfg = Release|Any CPU
		{C87DAD70-7C79-46EB-AC7C-3AE3D9F5823D}.Release|Any CPU.Build.0 = Release|Any CPU
		{17D21E6B-F678-46DE-9EE4-5B00EBAF3775}.Debug|Any CPU.ActiveCfg = Debug|Any CPU
		{17D21E6B-F678-46DE-9EE4-5B00EBAF3775}.Debug|Any CPU.Build.0 = Debug|Any CPU
		{17D21E6B-F678-46DE-9EE4-5B00EBAF3775}.Release|Any CPU.ActiveCfg = Release|Any CPU
		{17D21E6B-F678-46DE-9EE4-5B00EBAF3775}.Release|Any CPU.Build.0 = Release|Any CPU
	EndGlobalSection
	GlobalSection(SolutionProperties) = preSolution
		HideSolutionNode = FALSE
	EndGlobalSection
	GlobalSection(ExtensibilityGlobals) = postSolution
		SolutionGuid = {7F2C1EBB-52CF-435F-AB44-890BECA5F838}
	EndGlobalSection
EndGlobal
